// !$*UTF8*$!
{
	archiveVersion = 1;
	classes = {
	};
	objectVersion = 50;
	objects = {

/* Begin PBXBuildFile section */
		699472610A9D678B013F22DA /* Pods_NCU.framework in Frameworks */ = {isa = PBXBuildFile; fileRef = FCA4DE814112216AA2532B89 /* Pods_NCU.framework */; };
		914FA1B1AFA5DCBDFFCB99B0 /* Pods_NCUTests.framework in Frameworks */ = {isa = PBXBuildFile; fileRef = 32DBA16F9A475810EC95687C /* Pods_NCUTests.framework */; };
		EB81FA89F4A7E24EB354CB5F /* Pods_NCUUITests.framework in Frameworks */ = {isa = PBXBuildFile; fileRef = 0B632186111AA539D08D0C4C /* Pods_NCUUITests.framework */; };
		F4103C8E2199996F00C9AE7F /* Subviewable.swift in Sources */ = {isa = PBXBuildFile; fileRef = F4103C8D2199996F00C9AE7F /* Subviewable.swift */; };
		F4103C9121999D7000C9AE7F /* LaunchScreen.storyboard in Resources */ = {isa = PBXBuildFile; fileRef = F4103C8F21999D7000C9AE7F /* LaunchScreen.storyboard */; };
		F42F3EE02195D1DF0034A1A8 /* AppDelegate.swift in Sources */ = {isa = PBXBuildFile; fileRef = F42F3EDF2195D1DF0034A1A8 /* AppDelegate.swift */; };
		F42F3EE22195D1DF0034A1A8 /* LoginViewController.swift in Sources */ = {isa = PBXBuildFile; fileRef = F42F3EE12195D1DF0034A1A8 /* LoginViewController.swift */; };
		F42F3EE72195D1E00034A1A8 /* Assets.xcassets in Resources */ = {isa = PBXBuildFile; fileRef = F42F3EE62195D1E00034A1A8 /* Assets.xcassets */; };
		F42F3EF52195D1E00034A1A8 /* NCUTests.swift in Sources */ = {isa = PBXBuildFile; fileRef = F42F3EF42195D1E00034A1A8 /* NCUTests.swift */; };
		F42F3F002195D1E10034A1A8 /* NCUUITests.swift in Sources */ = {isa = PBXBuildFile; fileRef = F42F3EFF2195D1E10034A1A8 /* NCUUITests.swift */; };
		F469891C2199EEDB0080232F /* WelcomeViewController.swift in Sources */ = {isa = PBXBuildFile; fileRef = F469891B2199EEDB0080232F /* WelcomeViewController.swift */; };
		F4698924219ADD580080232F /* UILabelExtension.swift in Sources */ = {isa = PBXBuildFile; fileRef = F4698923219ADD580080232F /* UILabelExtension.swift */; };
		F4698926219AF4B30080232F /* UITextViewExtension.swift in Sources */ = {isa = PBXBuildFile; fileRef = F4698925219AF4B30080232F /* UITextViewExtension.swift */; };
		F4698928219B0FA00080232F /* User.swift in Sources */ = {isa = PBXBuildFile; fileRef = F4698927219B0FA00080232F /* User.swift */; };
		F469892B219B11550080232F /* Office.swift in Sources */ = {isa = PBXBuildFile; fileRef = F469892A219B11550080232F /* Office.swift */; };
		F469892E219B16C50080232F /* OfficeSelectViewController.swift in Sources */ = {isa = PBXBuildFile; fileRef = F469892D219B16C50080232F /* OfficeSelectViewController.swift */; };
		F4729A4B219B3C7B006F47EE /* CraftSelectViewController.swift in Sources */ = {isa = PBXBuildFile; fileRef = F4729A4A219B3C7B006F47EE /* CraftSelectViewController.swift */; };
		F4729A4E219B3CD7006F47EE /* SplashViewController.swift in Sources */ = {isa = PBXBuildFile; fileRef = F4729A4D219B3CD7006F47EE /* SplashViewController.swift */; };
		F4729A51219C2A6C006F47EE /* HomeViewController.swift in Sources */ = {isa = PBXBuildFile; fileRef = F4729A50219C2A6C006F47EE /* HomeViewController.swift */; };
		F4729A53219C2CE2006F47EE /* Craft.swift in Sources */ = {isa = PBXBuildFile; fileRef = F4729A52219C2CE2006F47EE /* Craft.swift */; };
		F4729A55219C2E42006F47EE /* OnboardingViewController.swift in Sources */ = {isa = PBXBuildFile; fileRef = F4729A54219C2E42006F47EE /* OnboardingViewController.swift */; };
		F4729A5A219C6056006F47EE /* NetworkingAPI.swift in Sources */ = {isa = PBXBuildFile; fileRef = F4729A59219C6056006F47EE /* NetworkingAPI.swift */; };
/* End PBXBuildFile section */

/* Begin PBXContainerItemProxy section */
		F42F3EF12195D1E00034A1A8 /* PBXContainerItemProxy */ = {
			isa = PBXContainerItemProxy;
			containerPortal = F42F3ED42195D1DF0034A1A8 /* Project object */;
			proxyType = 1;
			remoteGlobalIDString = F42F3EDB2195D1DF0034A1A8;
			remoteInfo = "NCU-iOS";
		};
		F42F3EFC2195D1E10034A1A8 /* PBXContainerItemProxy */ = {
			isa = PBXContainerItemProxy;
			containerPortal = F42F3ED42195D1DF0034A1A8 /* Project object */;
			proxyType = 1;
			remoteGlobalIDString = F42F3EDB2195D1DF0034A1A8;
			remoteInfo = "NCU-iOS";
		};
/* End PBXContainerItemProxy section */

/* Begin PBXFileReference section */
		0B632186111AA539D08D0C4C /* Pods_NCUUITests.framework */ = {isa = PBXFileReference; explicitFileType = wrapper.framework; includeInIndex = 0; path = Pods_NCUUITests.framework; sourceTree = BUILT_PRODUCTS_DIR; };
		29720B93C7AA7E25937B6C42 /* Pods-NCUUITests.release.xcconfig */ = {isa = PBXFileReference; includeInIndex = 1; lastKnownFileType = text.xcconfig; name = "Pods-NCUUITests.release.xcconfig"; path = "Pods/Target Support Files/Pods-NCUUITests/Pods-NCUUITests.release.xcconfig"; sourceTree = "<group>"; };
		32DBA16F9A475810EC95687C /* Pods_NCUTests.framework */ = {isa = PBXFileReference; explicitFileType = wrapper.framework; includeInIndex = 0; path = Pods_NCUTests.framework; sourceTree = BUILT_PRODUCTS_DIR; };
		72CA520676AECF1D4D9A2DD5 /* Pods-NCU.debug.xcconfig */ = {isa = PBXFileReference; includeInIndex = 1; lastKnownFileType = text.xcconfig; name = "Pods-NCU.debug.xcconfig"; path = "Pods/Target Support Files/Pods-NCU/Pods-NCU.debug.xcconfig"; sourceTree = "<group>"; };
		AB0E6F4403130594F52B6818 /* Pods-NCUUITests.debug.xcconfig */ = {isa = PBXFileReference; includeInIndex = 1; lastKnownFileType = text.xcconfig; name = "Pods-NCUUITests.debug.xcconfig"; path = "Pods/Target Support Files/Pods-NCUUITests/Pods-NCUUITests.debug.xcconfig"; sourceTree = "<group>"; };
		F07D529D6792B0866A6FFFC8 /* Pods-NCUTests.debug.xcconfig */ = {isa = PBXFileReference; includeInIndex = 1; lastKnownFileType = text.xcconfig; name = "Pods-NCUTests.debug.xcconfig"; path = "Pods/Target Support Files/Pods-NCUTests/Pods-NCUTests.debug.xcconfig"; sourceTree = "<group>"; };
		F29B02B6A075540FE6DA5745 /* Pods-NCUTests.release.xcconfig */ = {isa = PBXFileReference; includeInIndex = 1; lastKnownFileType = text.xcconfig; name = "Pods-NCUTests.release.xcconfig"; path = "Pods/Target Support Files/Pods-NCUTests/Pods-NCUTests.release.xcconfig"; sourceTree = "<group>"; };
		F4103C8D2199996F00C9AE7F /* Subviewable.swift */ = {isa = PBXFileReference; lastKnownFileType = sourcecode.swift; name = Subviewable.swift; path = "../../../../ncu/NCU-iOS/NCU/Common/Subviewable.swift"; sourceTree = "<group>"; };
		F4103C9021999D7000C9AE7F /* Base */ = {isa = PBXFileReference; lastKnownFileType = file.storyboard; name = Base; path = "../../../ncu/NCU-iOS/NCU/Base.lproj/LaunchScreen.storyboard"; sourceTree = "<group>"; };
		F42F3EDC2195D1DF0034A1A8 /* NCU.app */ = {isa = PBXFileReference; explicitFileType = wrapper.application; includeInIndex = 0; path = NCU.app; sourceTree = BUILT_PRODUCTS_DIR; };
		F42F3EDF2195D1DF0034A1A8 /* AppDelegate.swift */ = {isa = PBXFileReference; lastKnownFileType = sourcecode.swift; path = AppDelegate.swift; sourceTree = "<group>"; };
		F42F3EE12195D1DF0034A1A8 /* LoginViewController.swift */ = {isa = PBXFileReference; lastKnownFileType = sourcecode.swift; path = LoginViewController.swift; sourceTree = "<group>"; };
		F42F3EE62195D1E00034A1A8 /* Assets.xcassets */ = {isa = PBXFileReference; lastKnownFileType = folder.assetcatalog; path = Assets.xcassets; sourceTree = "<group>"; };
		F42F3EEB2195D1E00034A1A8 /* Info.plist */ = {isa = PBXFileReference; lastKnownFileType = text.plist.xml; path = Info.plist; sourceTree = "<group>"; };
		F42F3EF02195D1E00034A1A8 /* NCUTests.xctest */ = {isa = PBXFileReference; explicitFileType = wrapper.cfbundle; includeInIndex = 0; path = NCUTests.xctest; sourceTree = BUILT_PRODUCTS_DIR; };
		F42F3EF42195D1E00034A1A8 /* NCUTests.swift */ = {isa = PBXFileReference; lastKnownFileType = sourcecode.swift; path = NCUTests.swift; sourceTree = "<group>"; };
		F42F3EF62195D1E00034A1A8 /* Info.plist */ = {isa = PBXFileReference; lastKnownFileType = text.plist.xml; path = Info.plist; sourceTree = "<group>"; };
		F42F3EFB2195D1E10034A1A8 /* NCUUITests.xctest */ = {isa = PBXFileReference; explicitFileType = wrapper.cfbundle; includeInIndex = 0; path = NCUUITests.xctest; sourceTree = BUILT_PRODUCTS_DIR; };
		F42F3EFF2195D1E10034A1A8 /* NCUUITests.swift */ = {isa = PBXFileReference; lastKnownFileType = sourcecode.swift; path = NCUUITests.swift; sourceTree = "<group>"; };
		F42F3F012195D1E10034A1A8 /* Info.plist */ = {isa = PBXFileReference; lastKnownFileType = text.plist.xml; path = Info.plist; sourceTree = "<group>"; };
		F469891B2199EEDB0080232F /* WelcomeViewController.swift */ = {isa = PBXFileReference; lastKnownFileType = sourcecode.swift; path = WelcomeViewController.swift; sourceTree = "<group>"; };
		F4698923219ADD580080232F /* UILabelExtension.swift */ = {isa = PBXFileReference; lastKnownFileType = sourcecode.swift; name = UILabelExtension.swift; path = "../../../../ncu/NCU-iOS/NCU/Extensions/UILabelExtension.swift"; sourceTree = "<group>"; };
		F4698925219AF4B30080232F /* UITextViewExtension.swift */ = {isa = PBXFileReference; lastKnownFileType = sourcecode.swift; name = UITextViewExtension.swift; path = "../../../../ncu/NCU-iOS/NCU/Extensions/UITextViewExtension.swift"; sourceTree = "<group>"; };
		F4698927219B0FA00080232F /* User.swift */ = {isa = PBXFileReference; lastKnownFileType = sourcecode.swift; path = User.swift; sourceTree = "<group>"; };
		F469892A219B11550080232F /* Office.swift */ = {isa = PBXFileReference; lastKnownFileType = sourcecode.swift; name = Office.swift; path = "../../../../ncu/NCU-iOS/NCU/Model/Office.swift"; sourceTree = "<group>"; };
		F469892D219B16C50080232F /* OfficeSelectViewController.swift */ = {isa = PBXFileReference; lastKnownFileType = sourcecode.swift; name = OfficeSelectViewController.swift; path = "../../../../../ncu/NCU-iOS/NCU/ViewControllers/Onboarding/OfficeSelectViewController.swift"; sourceTree = "<group>"; };
		F4729A4A219B3C7B006F47EE /* CraftSelectViewController.swift */ = {isa = PBXFileReference; lastKnownFileType = sourcecode.swift; name = CraftSelectViewController.swift; path = "../../../../../ncu/NCU-iOS/NCU/ViewControllers/Onboarding/CraftSelectViewController.swift"; sourceTree = "<group>"; };
		F4729A4D219B3CD7006F47EE /* SplashViewController.swift */ = {isa = PBXFileReference; lastKnownFileType = sourcecode.swift; name = SplashViewController.swift; path = "../../../../../ncu/NCU-iOS/NCU/ViewControllers/Splash/SplashViewController.swift"; sourceTree = "<group>"; };
		F4729A50219C2A6C006F47EE /* HomeViewController.swift */ = {isa = PBXFileReference; lastKnownFileType = sourcecode.swift; name = HomeViewController.swift; path = "../../../../../ncu/NCU-iOS/NCU/ViewControllers/Home/HomeViewController.swift"; sourceTree = "<group>"; };
		F4729A52219C2CE2006F47EE /* Craft.swift */ = {isa = PBXFileReference; lastKnownFileType = sourcecode.swift; name = Craft.swift; path = "../../../../ncu/NCU-iOS/NCU/Model/Craft.swift"; sourceTree = "<group>"; };
		F4729A54219C2E42006F47EE /* OnboardingViewController.swift */ = {isa = PBXFileReference; lastKnownFileType = sourcecode.swift; path = OnboardingViewController.swift; sourceTree = "<group>"; };
		F4729A59219C6056006F47EE /* NetworkingAPI.swift */ = {isa = PBXFileReference; lastKnownFileType = sourcecode.swift; name = NetworkingAPI.swift; path = "../../../../ncu/NCU-iOS/NCU/API/NetworkingAPI.swift"; sourceTree = "<group>"; };
		FCA4DE814112216AA2532B89 /* Pods_NCU.framework */ = {isa = PBXFileReference; explicitFileType = wrapper.framework; includeInIndex = 0; path = Pods_NCU.framework; sourceTree = BUILT_PRODUCTS_DIR; };
		FE9EC5A4672B4032735E5286 /* Pods-NCU.release.xcconfig */ = {isa = PBXFileReference; includeInIndex = 1; lastKnownFileType = text.xcconfig; name = "Pods-NCU.release.xcconfig"; path = "Pods/Target Support Files/Pods-NCU/Pods-NCU.release.xcconfig"; sourceTree = "<group>"; };
/* End PBXFileReference section */

/* Begin PBXFrameworksBuildPhase section */
		F42F3ED92195D1DF0034A1A8 /* Frameworks */ = {
			isa = PBXFrameworksBuildPhase;
			buildActionMask = 2147483647;
			files = (
				699472610A9D678B013F22DA /* Pods_NCU.framework in Frameworks */,
			);
			runOnlyForDeploymentPostprocessing = 0;
		};
		F42F3EED2195D1E00034A1A8 /* Frameworks */ = {
			isa = PBXFrameworksBuildPhase;
			buildActionMask = 2147483647;
			files = (
				914FA1B1AFA5DCBDFFCB99B0 /* Pods_NCUTests.framework in Frameworks */,
			);
			runOnlyForDeploymentPostprocessing = 0;
		};
		F42F3EF82195D1E10034A1A8 /* Frameworks */ = {
			isa = PBXFrameworksBuildPhase;
			buildActionMask = 2147483647;
			files = (
				EB81FA89F4A7E24EB354CB5F /* Pods_NCUUITests.framework in Frameworks */,
			);
			runOnlyForDeploymentPostprocessing = 0;
		};
/* End PBXFrameworksBuildPhase section */

/* Begin PBXGroup section */
		51C9D037E724A6ECBD003372 /* Frameworks */ = {
			isa = PBXGroup;
			children = (
				FCA4DE814112216AA2532B89 /* Pods_NCU.framework */,
				32DBA16F9A475810EC95687C /* Pods_NCUTests.framework */,
				0B632186111AA539D08D0C4C /* Pods_NCUUITests.framework */,
			);
			name = Frameworks;
			sourceTree = "<group>";
		};
		553C085CD8A8DCF8AB4FC5AA /* Pods */ = {
			isa = PBXGroup;
			children = (
				72CA520676AECF1D4D9A2DD5 /* Pods-NCU.debug.xcconfig */,
				FE9EC5A4672B4032735E5286 /* Pods-NCU.release.xcconfig */,
				F07D529D6792B0866A6FFFC8 /* Pods-NCUTests.debug.xcconfig */,
				F29B02B6A075540FE6DA5745 /* Pods-NCUTests.release.xcconfig */,
				AB0E6F4403130594F52B6818 /* Pods-NCUUITests.debug.xcconfig */,
				29720B93C7AA7E25937B6C42 /* Pods-NCUUITests.release.xcconfig */,
			);
			name = Pods;
			sourceTree = "<group>";
		};
		F4103C8C2199996400C9AE7F /* Common */ = {
			isa = PBXGroup;
			children = (
				F4729A56219C3EED006F47EE /* Superclass */,
				F4103C8D2199996F00C9AE7F /* Subviewable.swift */,
			);
			path = Common;
			sourceTree = "<group>";
		};
		F42F3ED32195D1DF0034A1A8 = {
			isa = PBXGroup;
			children = (
				F42F3EDE2195D1DF0034A1A8 /* NCU */,
				F42F3EF32195D1E00034A1A8 /* NCUTests */,
				F42F3EFE2195D1E10034A1A8 /* NCUUITests */,
				F42F3EDD2195D1DF0034A1A8 /* Products */,
				553C085CD8A8DCF8AB4FC5AA /* Pods */,
				51C9D037E724A6ECBD003372 /* Frameworks */,
			);
			sourceTree = "<group>";
		};
		F42F3EDD2195D1DF0034A1A8 /* Products */ = {
			isa = PBXGroup;
			children = (
				F42F3EDC2195D1DF0034A1A8 /* NCU.app */,
				F42F3EF02195D1E00034A1A8 /* NCUTests.xctest */,
				F42F3EFB2195D1E10034A1A8 /* NCUUITests.xctest */,
			);
			name = Products;
			sourceTree = "<group>";
		};
		F42F3EDE2195D1DF0034A1A8 /* NCU */ = {
			isa = PBXGroup;
			children = (
				F42F3EDF2195D1DF0034A1A8 /* AppDelegate.swift */,
				F4729A57219C6031006F47EE /* ViewControllers */,
				F4729A58219C6045006F47EE /* API */,
				F4103C8C2199996400C9AE7F /* Common */,
				F4698929219B0FA50080232F /* Model */,
				F4698922219ADD430080232F /* Extensions */,
				F469891F2199EEF30080232F /* Supporting Files */,
			);
			path = NCU;
			sourceTree = "<group>";
		};
		F42F3EF32195D1E00034A1A8 /* NCUTests */ = {
			isa = PBXGroup;
			children = (
				F42F3EF42195D1E00034A1A8 /* NCUTests.swift */,
				F42F3EF62195D1E00034A1A8 /* Info.plist */,
			);
			path = NCUTests;
			sourceTree = "<group>";
		};
		F42F3EFE2195D1E10034A1A8 /* NCUUITests */ = {
			isa = PBXGroup;
			children = (
				F42F3EFF2195D1E10034A1A8 /* NCUUITests.swift */,
				F42F3F012195D1E10034A1A8 /* Info.plist */,
			);
			path = NCUUITests;
			sourceTree = "<group>";
		};
		F469891D2199EEDE0080232F /* Login */ = {
			isa = PBXGroup;
			children = (
				F42F3EE12195D1DF0034A1A8 /* LoginViewController.swift */,
			);
			path = Login;
			sourceTree = "<group>";
		};
		F469891E2199EEE40080232F /* Welcome */ = {
			isa = PBXGroup;
			children = (
				F469891B2199EEDB0080232F /* WelcomeViewController.swift */,
			);
			path = Welcome;
			sourceTree = "<group>";
		};
		F469891F2199EEF30080232F /* Supporting Files */ = {
			isa = PBXGroup;
			children = (
				F4103C8F21999D7000C9AE7F /* LaunchScreen.storyboard */,
				F42F3EE62195D1E00034A1A8 /* Assets.xcassets */,
				F42F3EEB2195D1E00034A1A8 /* Info.plist */,
			);
			path = "Supporting Files";
			sourceTree = "<group>";
		};
		F4698922219ADD430080232F /* Extensions */ = {
			isa = PBXGroup;
			children = (
				F4698923219ADD580080232F /* UILabelExtension.swift */,
				F4698925219AF4B30080232F /* UITextViewExtension.swift */,
			);
			path = Extensions;
			sourceTree = "<group>";
		};
		F4698929219B0FA50080232F /* Model */ = {
			isa = PBXGroup;
			children = (
				F4698927219B0FA00080232F /* User.swift */,
				F469892A219B11550080232F /* Office.swift */,
				F4729A52219C2CE2006F47EE /* Craft.swift */,
			);
			path = Model;
			sourceTree = "<group>";
		};
		F469892C219B168F0080232F /* Onboarding */ = {
			isa = PBXGroup;
			children = (
				F469892D219B16C50080232F /* OfficeSelectViewController.swift */,
				F4729A4A219B3C7B006F47EE /* CraftSelectViewController.swift */,
			);
			path = Onboarding;
			sourceTree = "<group>";
		};
		F4729A4C219B3CC6006F47EE /* Splash */ = {
			isa = PBXGroup;
			children = (
				F4729A4D219B3CD7006F47EE /* SplashViewController.swift */,
			);
			path = Splash;
			sourceTree = "<group>";
		};
		F4729A4F219C2A61006F47EE /* Home */ = {
			isa = PBXGroup;
			children = (
				F4729A50219C2A6C006F47EE /* HomeViewController.swift */,
			);
			path = Home;
			sourceTree = "<group>";
		};
		F4729A56219C3EED006F47EE /* Superclass */ = {
			isa = PBXGroup;
			children = (
				F4729A54219C2E42006F47EE /* OnboardingViewController.swift */,
			);
			path = Superclass;
			sourceTree = "<group>";
		};
		F4729A57219C6031006F47EE /* ViewControllers */ = {
			isa = PBXGroup;
			children = (
				F4729A4C219B3CC6006F47EE /* Splash */,
				F469891D2199EEDE0080232F /* Login */,
				F469892C219B168F0080232F /* Onboarding */,
				F469891E2199EEE40080232F /* Welcome */,
				F4729A4F219C2A61006F47EE /* Home */,
			);
			path = ViewControllers;
			sourceTree = "<group>";
		};
		F4729A58219C6045006F47EE /* API */ = {
			isa = PBXGroup;
			children = (
				F4729A59219C6056006F47EE /* NetworkingAPI.swift */,
			);
			path = API;
			sourceTree = "<group>";
		};
/* End PBXGroup section */

/* Begin PBXNativeTarget section */
		F42F3EDB2195D1DF0034A1A8 /* NCU */ = {
			isa = PBXNativeTarget;
			buildConfigurationList = F42F3F042195D1E10034A1A8 /* Build configuration list for PBXNativeTarget "NCU" */;
			buildPhases = (
				A1501096DFD836CC43B7A170 /* [CP] Check Pods Manifest.lock */,
				F42F3ED82195D1DF0034A1A8 /* Sources */,
				F42F3ED92195D1DF0034A1A8 /* Frameworks */,
				F42F3EDA2195D1DF0034A1A8 /* Resources */,
				6D7E40BEAE9A8E0E34999BE5 /* [CP] Embed Pods Frameworks */,
				30C9B767A9A25D99E7AED52C /* [CP] Copy Pods Resources */,
			);
			buildRules = (
			);
			dependencies = (
			);
			name = NCU;
			productName = "NCU-iOS";
			productReference = F42F3EDC2195D1DF0034A1A8 /* NCU.app */;
			productType = "com.apple.product-type.application";
		};
		F42F3EEF2195D1E00034A1A8 /* NCUTests */ = {
			isa = PBXNativeTarget;
			buildConfigurationList = F42F3F072195D1E10034A1A8 /* Build configuration list for PBXNativeTarget "NCUTests" */;
			buildPhases = (
				3CC721F565D76C6FBC8907D7 /* [CP] Check Pods Manifest.lock */,
				F42F3EEC2195D1E00034A1A8 /* Sources */,
				F42F3EED2195D1E00034A1A8 /* Frameworks */,
				F42F3EEE2195D1E00034A1A8 /* Resources */,
			);
			buildRules = (
			);
			dependencies = (
				F42F3EF22195D1E00034A1A8 /* PBXTargetDependency */,
			);
			name = NCUTests;
			productName = "NCU-iOSTests";
			productReference = F42F3EF02195D1E00034A1A8 /* NCUTests.xctest */;
			productType = "com.apple.product-type.bundle.unit-test";
		};
		F42F3EFA2195D1E10034A1A8 /* NCUUITests */ = {
			isa = PBXNativeTarget;
			buildConfigurationList = F42F3F0A2195D1E10034A1A8 /* Build configuration list for PBXNativeTarget "NCUUITests" */;
			buildPhases = (
				914BDD38525C6087684A5121 /* [CP] Check Pods Manifest.lock */,
				F42F3EF72195D1E10034A1A8 /* Sources */,
				F42F3EF82195D1E10034A1A8 /* Frameworks */,
				F42F3EF92195D1E10034A1A8 /* Resources */,
			);
			buildRules = (
			);
			dependencies = (
				F42F3EFD2195D1E10034A1A8 /* PBXTargetDependency */,
			);
			name = NCUUITests;
			productName = "NCU-iOSUITests";
			productReference = F42F3EFB2195D1E10034A1A8 /* NCUUITests.xctest */;
			productType = "com.apple.product-type.bundle.ui-testing";
		};
/* End PBXNativeTarget section */

/* Begin PBXProject section */
		F42F3ED42195D1DF0034A1A8 /* Project object */ = {
			isa = PBXProject;
			attributes = {
				LastSwiftUpdateCheck = 1010;
				LastUpgradeCheck = 1010;
				ORGANIZATIONNAME = simonrowlands;
				TargetAttributes = {
					F42F3EDB2195D1DF0034A1A8 = {
						CreatedOnToolsVersion = 10.1;
					};
					F42F3EEF2195D1E00034A1A8 = {
						CreatedOnToolsVersion = 10.1;
						TestTargetID = F42F3EDB2195D1DF0034A1A8;
					};
					F42F3EFA2195D1E10034A1A8 = {
						CreatedOnToolsVersion = 10.1;
						TestTargetID = F42F3EDB2195D1DF0034A1A8;
					};
				};
			};
			buildConfigurationList = F42F3ED72195D1DF0034A1A8 /* Build configuration list for PBXProject "NCU" */;
			compatibilityVersion = "Xcode 9.3";
			developmentRegion = en;
			hasScannedForEncodings = 0;
			knownRegions = (
				en,
				Base,
			);
			mainGroup = F42F3ED32195D1DF0034A1A8;
			productRefGroup = F42F3EDD2195D1DF0034A1A8 /* Products */;
			projectDirPath = "";
			projectRoot = "";
			targets = (
				F42F3EDB2195D1DF0034A1A8 /* NCU */,
				F42F3EEF2195D1E00034A1A8 /* NCUTests */,
				F42F3EFA2195D1E10034A1A8 /* NCUUITests */,
			);
		};
/* End PBXProject section */

/* Begin PBXResourcesBuildPhase section */
		F42F3EDA2195D1DF0034A1A8 /* Resources */ = {
			isa = PBXResourcesBuildPhase;
			buildActionMask = 2147483647;
			files = (
				F4103C9121999D7000C9AE7F /* LaunchScreen.storyboard in Resources */,
				F42F3EE72195D1E00034A1A8 /* Assets.xcassets in Resources */,
			);
			runOnlyForDeploymentPostprocessing = 0;
		};
		F42F3EEE2195D1E00034A1A8 /* Resources */ = {
			isa = PBXResourcesBuildPhase;
			buildActionMask = 2147483647;
			files = (
			);
			runOnlyForDeploymentPostprocessing = 0;
		};
		F42F3EF92195D1E10034A1A8 /* Resources */ = {
			isa = PBXResourcesBuildPhase;
			buildActionMask = 2147483647;
			files = (
			);
			runOnlyForDeploymentPostprocessing = 0;
		};
/* End PBXResourcesBuildPhase section */

/* Begin PBXShellScriptBuildPhase section */
		30C9B767A9A25D99E7AED52C /* [CP] Copy Pods Resources */ = {
			isa = PBXShellScriptBuildPhase;
			buildActionMask = 2147483647;
			files = (
			);
			inputFileListPaths = (
			);
			inputPaths = (
				"${SRCROOT}/Pods/Target Support Files/Pods-NCU/Pods-NCU-resources.sh",
				"${PODS_ROOT}/GoogleSignIn/Resources/GoogleSignIn.bundle",
			);
			name = "[CP] Copy Pods Resources";
			outputFileListPaths = (
			);
			outputPaths = (
				"${TARGET_BUILD_DIR}/${UNLOCALIZED_RESOURCES_FOLDER_PATH}/GoogleSignIn.bundle",
			);
			runOnlyForDeploymentPostprocessing = 0;
			shellPath = /bin/sh;
			shellScript = "\"${SRCROOT}/Pods/Target Support Files/Pods-NCU/Pods-NCU-resources.sh\"\n";
			showEnvVarsInLog = 0;
		};
		3CC721F565D76C6FBC8907D7 /* [CP] Check Pods Manifest.lock */ = {
			isa = PBXShellScriptBuildPhase;
			buildActionMask = 2147483647;
			files = (
			);
			inputFileListPaths = (
			);
			inputPaths = (
				"${PODS_PODFILE_DIR_PATH}/Podfile.lock",
				"${PODS_ROOT}/Manifest.lock",
			);
			name = "[CP] Check Pods Manifest.lock";
			outputFileListPaths = (
			);
			outputPaths = (
				"$(DERIVED_FILE_DIR)/Pods-NCUTests-checkManifestLockResult.txt",
			);
			runOnlyForDeploymentPostprocessing = 0;
			shellPath = /bin/sh;
			shellScript = "diff \"${PODS_PODFILE_DIR_PATH}/Podfile.lock\" \"${PODS_ROOT}/Manifest.lock\" > /dev/null\nif [ $? != 0 ] ; then\n    # print error to STDERR\n    echo \"error: The sandbox is not in sync with the Podfile.lock. Run 'pod install' or update your CocoaPods installation.\" >&2\n    exit 1\nfi\n# This output is used by Xcode 'outputs' to avoid re-running this script phase.\necho \"SUCCESS\" > \"${SCRIPT_OUTPUT_FILE_0}\"\n";
			showEnvVarsInLog = 0;
		};
		6D7E40BEAE9A8E0E34999BE5 /* [CP] Embed Pods Frameworks */ = {
			isa = PBXShellScriptBuildPhase;
			buildActionMask = 2147483647;
			files = (
			);
			inputFileListPaths = (
			);
			inputPaths = (
				"${SRCROOT}/Pods/Target Support Files/Pods-NCU/Pods-NCU-frameworks.sh",
				"${BUILT_PRODUCTS_DIR}/Cartography/Cartography.framework",
				"${BUILT_PRODUCTS_DIR}/GTMOAuth2/GTMOAuth2.framework",
				"${BUILT_PRODUCTS_DIR}/GTMSessionFetcher/GTMSessionFetcher.framework",
				"${BUILT_PRODUCTS_DIR}/GoogleToolboxForMac/GoogleToolboxForMac.framework",
				"${BUILT_PRODUCTS_DIR}/RxAtomic/RxAtomic.framework",
				"${BUILT_PRODUCTS_DIR}/RxCocoa/RxCocoa.framework",
				"${BUILT_PRODUCTS_DIR}/RxSwift/RxSwift.framework",
			);
			name = "[CP] Embed Pods Frameworks";
			outputFileListPaths = (
			);
			outputPaths = (
				"${TARGET_BUILD_DIR}/${FRAMEWORKS_FOLDER_PATH}/Cartography.framework",
				"${TARGET_BUILD_DIR}/${FRAMEWORKS_FOLDER_PATH}/GTMOAuth2.framework",
				"${TARGET_BUILD_DIR}/${FRAMEWORKS_FOLDER_PATH}/GTMSessionFetcher.framework",
				"${TARGET_BUILD_DIR}/${FRAMEWORKS_FOLDER_PATH}/GoogleToolboxForMac.framework",
				"${TARGET_BUILD_DIR}/${FRAMEWORKS_FOLDER_PATH}/RxAtomic.framework",
				"${TARGET_BUILD_DIR}/${FRAMEWORKS_FOLDER_PATH}/RxCocoa.framework",
				"${TARGET_BUILD_DIR}/${FRAMEWORKS_FOLDER_PATH}/RxSwift.framework",
			);
			runOnlyForDeploymentPostprocessing = 0;
			shellPath = /bin/sh;
			shellScript = "\"${SRCROOT}/Pods/Target Support Files/Pods-NCU/Pods-NCU-frameworks.sh\"\n";
			showEnvVarsInLog = 0;
		};
		914BDD38525C6087684A5121 /* [CP] Check Pods Manifest.lock */ = {
			isa = PBXShellScriptBuildPhase;
			buildActionMask = 2147483647;
			files = (
			);
			inputFileListPaths = (
			);
			inputPaths = (
				"${PODS_PODFILE_DIR_PATH}/Podfile.lock",
				"${PODS_ROOT}/Manifest.lock",
			);
			name = "[CP] Check Pods Manifest.lock";
			outputFileListPaths = (
			);
			outputPaths = (
				"$(DERIVED_FILE_DIR)/Pods-NCUUITests-checkManifestLockResult.txt",
			);
			runOnlyForDeploymentPostprocessing = 0;
			shellPath = /bin/sh;
			shellScript = "diff \"${PODS_PODFILE_DIR_PATH}/Podfile.lock\" \"${PODS_ROOT}/Manifest.lock\" > /dev/null\nif [ $? != 0 ] ; then\n    # print error to STDERR\n    echo \"error: The sandbox is not in sync with the Podfile.lock. Run 'pod install' or update your CocoaPods installation.\" >&2\n    exit 1\nfi\n# This output is used by Xcode 'outputs' to avoid re-running this script phase.\necho \"SUCCESS\" > \"${SCRIPT_OUTPUT_FILE_0}\"\n";
			showEnvVarsInLog = 0;
		};
		A1501096DFD836CC43B7A170 /* [CP] Check Pods Manifest.lock */ = {
			isa = PBXShellScriptBuildPhase;
			buildActionMask = 2147483647;
			files = (
			);
			inputFileListPaths = (
			);
			inputPaths = (
				"${PODS_PODFILE_DIR_PATH}/Podfile.lock",
				"${PODS_ROOT}/Manifest.lock",
			);
			name = "[CP] Check Pods Manifest.lock";
			outputFileListPaths = (
			);
			outputPaths = (
				"$(DERIVED_FILE_DIR)/Pods-NCU-checkManifestLockResult.txt",
			);
			runOnlyForDeploymentPostprocessing = 0;
			shellPath = /bin/sh;
			shellScript = "diff \"${PODS_PODFILE_DIR_PATH}/Podfile.lock\" \"${PODS_ROOT}/Manifest.lock\" > /dev/null\nif [ $? != 0 ] ; then\n    # print error to STDERR\n    echo \"error: The sandbox is not in sync with the Podfile.lock. Run 'pod install' or update your CocoaPods installation.\" >&2\n    exit 1\nfi\n# This output is used by Xcode 'outputs' to avoid re-running this script phase.\necho \"SUCCESS\" > \"${SCRIPT_OUTPUT_FILE_0}\"\n";
			showEnvVarsInLog = 0;
		};
/* End PBXShellScriptBuildPhase section */

/* Begin PBXSourcesBuildPhase section */
		F42F3ED82195D1DF0034A1A8 /* Sources */ = {
			isa = PBXSourcesBuildPhase;
			buildActionMask = 2147483647;
			files = (
				F4698928219B0FA00080232F /* User.swift in Sources */,
				F4729A4B219B3C7B006F47EE /* CraftSelectViewController.swift in Sources */,
				F42F3EE22195D1DF0034A1A8 /* LoginViewController.swift in Sources */,
				F4729A4E219B3CD7006F47EE /* SplashViewController.swift in Sources */,
				F469892E219B16C50080232F /* OfficeSelectViewController.swift in Sources */,
				F469891C2199EEDB0080232F /* WelcomeViewController.swift in Sources */,
				F469892B219B11550080232F /* Office.swift in Sources */,
				F4729A53219C2CE2006F47EE /* Craft.swift in Sources */,
				F42F3EE02195D1DF0034A1A8 /* AppDelegate.swift in Sources */,
				F4698926219AF4B30080232F /* UITextViewExtension.swift in Sources */,
				F4729A5A219C6056006F47EE /* NetworkingAPI.swift in Sources */,
				F4698924219ADD580080232F /* UILabelExtension.swift in Sources */,
				F4729A55219C2E42006F47EE /* OnboardingViewController.swift in Sources */,
				F4729A51219C2A6C006F47EE /* HomeViewController.swift in Sources */,
				F4103C8E2199996F00C9AE7F /* Subviewable.swift in Sources */,
			);
			runOnlyForDeploymentPostprocessing = 0;
		};
		F42F3EEC2195D1E00034A1A8 /* Sources */ = {
			isa = PBXSourcesBuildPhase;
			buildActionMask = 2147483647;
			files = (
				F42F3EF52195D1E00034A1A8 /* NCUTests.swift in Sources */,
			);
			runOnlyForDeploymentPostprocessing = 0;
		};
		F42F3EF72195D1E10034A1A8 /* Sources */ = {
			isa = PBXSourcesBuildPhase;
			buildActionMask = 2147483647;
			files = (
				F42F3F002195D1E10034A1A8 /* NCUUITests.swift in Sources */,
			);
			runOnlyForDeploymentPostprocessing = 0;
		};
/* End PBXSourcesBuildPhase section */

/* Begin PBXTargetDependency section */
		F42F3EF22195D1E00034A1A8 /* PBXTargetDependency */ = {
			isa = PBXTargetDependency;
			target = F42F3EDB2195D1DF0034A1A8 /* NCU */;
			targetProxy = F42F3EF12195D1E00034A1A8 /* PBXContainerItemProxy */;
		};
		F42F3EFD2195D1E10034A1A8 /* PBXTargetDependency */ = {
			isa = PBXTargetDependency;
			target = F42F3EDB2195D1DF0034A1A8 /* NCU */;
			targetProxy = F42F3EFC2195D1E10034A1A8 /* PBXContainerItemProxy */;
		};
/* End PBXTargetDependency section */

/* Begin PBXVariantGroup section */
		F4103C8F21999D7000C9AE7F /* LaunchScreen.storyboard */ = {
			isa = PBXVariantGroup;
			children = (
				F4103C9021999D7000C9AE7F /* Base */,
			);
			name = LaunchScreen.storyboard;
			sourceTree = "<group>";
		};
/* End PBXVariantGroup section */

/* Begin XCBuildConfiguration section */
		F42F3F022195D1E10034A1A8 /* Debug */ = {
			isa = XCBuildConfiguration;
			buildSettings = {
				ALWAYS_SEARCH_USER_PATHS = NO;
				CLANG_ANALYZER_NONNULL = YES;
				CLANG_ANALYZER_NUMBER_OBJECT_CONVERSION = YES_AGGRESSIVE;
				CLANG_CXX_LANGUAGE_STANDARD = "gnu++14";
				CLANG_CXX_LIBRARY = "libc++";
				CLANG_ENABLE_MODULES = YES;
				CLANG_ENABLE_OBJC_ARC = YES;
				CLANG_ENABLE_OBJC_WEAK = YES;
				CLANG_WARN_BLOCK_CAPTURE_AUTORELEASING = YES;
				CLANG_WARN_BOOL_CONVERSION = YES;
				CLANG_WARN_COMMA = YES;
				CLANG_WARN_CONSTANT_CONVERSION = YES;
				CLANG_WARN_DEPRECATED_OBJC_IMPLEMENTATIONS = YES;
				CLANG_WARN_DIRECT_OBJC_ISA_USAGE = YES_ERROR;
				CLANG_WARN_DOCUMENTATION_COMMENTS = YES;
				CLANG_WARN_EMPTY_BODY = YES;
				CLANG_WARN_ENUM_CONVERSION = YES;
				CLANG_WARN_INFINITE_RECURSION = YES;
				CLANG_WARN_INT_CONVERSION = YES;
				CLANG_WARN_NON_LITERAL_NULL_CONVERSION = YES;
				CLANG_WARN_OBJC_IMPLICIT_RETAIN_SELF = YES;
				CLANG_WARN_OBJC_LITERAL_CONVERSION = YES;
				CLANG_WARN_OBJC_ROOT_CLASS = YES_ERROR;
				CLANG_WARN_RANGE_LOOP_ANALYSIS = YES;
				CLANG_WARN_STRICT_PROTOTYPES = YES;
				CLANG_WARN_SUSPICIOUS_MOVE = YES;
				CLANG_WARN_UNGUARDED_AVAILABILITY = YES_AGGRESSIVE;
				CLANG_WARN_UNREACHABLE_CODE = YES;
				CLANG_WARN__DUPLICATE_METHOD_MATCH = YES;
				CODE_SIGN_IDENTITY = "iPhone Developer";
				COPY_PHASE_STRIP = NO;
				DEBUG_INFORMATION_FORMAT = dwarf;
				ENABLE_STRICT_OBJC_MSGSEND = YES;
				ENABLE_TESTABILITY = YES;
				GCC_C_LANGUAGE_STANDARD = gnu11;
				GCC_DYNAMIC_NO_PIC = NO;
				GCC_NO_COMMON_BLOCKS = YES;
				GCC_OPTIMIZATION_LEVEL = 0;
				GCC_PREPROCESSOR_DEFINITIONS = (
					"DEBUG=1",
					"$(inherited)",
				);
				GCC_WARN_64_TO_32_BIT_CONVERSION = YES;
				GCC_WARN_ABOUT_RETURN_TYPE = YES_ERROR;
				GCC_WARN_UNDECLARED_SELECTOR = YES;
				GCC_WARN_UNINITIALIZED_AUTOS = YES_AGGRESSIVE;
				GCC_WARN_UNUSED_FUNCTION = YES;
				GCC_WARN_UNUSED_VARIABLE = YES;
				IPHONEOS_DEPLOYMENT_TARGET = 12.1;
				MTL_ENABLE_DEBUG_INFO = INCLUDE_SOURCE;
				MTL_FAST_MATH = YES;
				ONLY_ACTIVE_ARCH = YES;
				SDKROOT = iphoneos;
				SWIFT_ACTIVE_COMPILATION_CONDITIONS = DEBUG;
				SWIFT_OPTIMIZATION_LEVEL = "-Onone";
			};
			name = Debug;
		};
		F42F3F032195D1E10034A1A8 /* Release */ = {
			isa = XCBuildConfiguration;
			buildSettings = {
				ALWAYS_SEARCH_USER_PATHS = NO;
				CLANG_ANALYZER_NONNULL = YES;
				CLANG_ANALYZER_NUMBER_OBJECT_CONVERSION = YES_AGGRESSIVE;
				CLANG_CXX_LANGUAGE_STANDARD = "gnu++14";
				CLANG_CXX_LIBRARY = "libc++";
				CLANG_ENABLE_MODULES = YES;
				CLANG_ENABLE_OBJC_ARC = YES;
				CLANG_ENABLE_OBJC_WEAK = YES;
				CLANG_WARN_BLOCK_CAPTURE_AUTORELEASING = YES;
				CLANG_WARN_BOOL_CONVERSION = YES;
				CLANG_WARN_COMMA = YES;
				CLANG_WARN_CONSTANT_CONVERSION = YES;
				CLANG_WARN_DEPRECATED_OBJC_IMPLEMENTATIONS = YES;
				CLANG_WARN_DIRECT_OBJC_ISA_USAGE = YES_ERROR;
				CLANG_WARN_DOCUMENTATION_COMMENTS = YES;
				CLANG_WARN_EMPTY_BODY = YES;
				CLANG_WARN_ENUM_CONVERSION = YES;
				CLANG_WARN_INFINITE_RECURSION = YES;
				CLANG_WARN_INT_CONVERSION = YES;
				CLANG_WARN_NON_LITERAL_NULL_CONVERSION = YES;
				CLANG_WARN_OBJC_IMPLICIT_RETAIN_SELF = YES;
				CLANG_WARN_OBJC_LITERAL_CONVERSION = YES;
				CLANG_WARN_OBJC_ROOT_CLASS = YES_ERROR;
				CLANG_WARN_RANGE_LOOP_ANALYSIS = YES;
				CLANG_WARN_STRICT_PROTOTYPES = YES;
				CLANG_WARN_SUSPICIOUS_MOVE = YES;
				CLANG_WARN_UNGUARDED_AVAILABILITY = YES_AGGRESSIVE;
				CLANG_WARN_UNREACHABLE_CODE = YES;
				CLANG_WARN__DUPLICATE_METHOD_MATCH = YES;
				CODE_SIGN_IDENTITY = "iPhone Developer";
				COPY_PHASE_STRIP = NO;
				DEBUG_INFORMATION_FORMAT = "dwarf-with-dsym";
				ENABLE_NS_ASSERTIONS = NO;
				ENABLE_STRICT_OBJC_MSGSEND = YES;
				GCC_C_LANGUAGE_STANDARD = gnu11;
				GCC_NO_COMMON_BLOCKS = YES;
				GCC_WARN_64_TO_32_BIT_CONVERSION = YES;
				GCC_WARN_ABOUT_RETURN_TYPE = YES_ERROR;
				GCC_WARN_UNDECLARED_SELECTOR = YES;
				GCC_WARN_UNINITIALIZED_AUTOS = YES_AGGRESSIVE;
				GCC_WARN_UNUSED_FUNCTION = YES;
				GCC_WARN_UNUSED_VARIABLE = YES;
				IPHONEOS_DEPLOYMENT_TARGET = 12.1;
				MTL_ENABLE_DEBUG_INFO = NO;
				MTL_FAST_MATH = YES;
				SDKROOT = iphoneos;
				SWIFT_COMPILATION_MODE = wholemodule;
				SWIFT_OPTIMIZATION_LEVEL = "-O";
				VALIDATE_PRODUCT = YES;
			};
			name = Release;
		};
		F42F3F052195D1E10034A1A8 /* Debug */ = {
			isa = XCBuildConfiguration;
			baseConfigurationReference = 72CA520676AECF1D4D9A2DD5 /* Pods-NCU.debug.xcconfig */;
			buildSettings = {
				ASSETCATALOG_COMPILER_APPICON_NAME = AppIcon;
				CODE_SIGN_STYLE = Automatic;
				DEVELOPMENT_TEAM = 6344MVRY42;
				INFOPLIST_FILE = "$(SRCROOT)/NCU/Supporting Files/Info.plist";
				LD_RUNPATH_SEARCH_PATHS = (
					"$(inherited)",
					"@executable_path/Frameworks",
				);
				PRODUCT_BUNDLE_IDENTIFIER = com.novoda.ncu;
				PRODUCT_NAME = "$(TARGET_NAME)";
				SWIFT_VERSION = 4.2;
				TARGETED_DEVICE_FAMILY = "1,2";
			};
			name = Debug;
		};
		F42F3F062195D1E10034A1A8 /* Release */ = {
			isa = XCBuildConfiguration;
			baseConfigurationReference = FE9EC5A4672B4032735E5286 /* Pods-NCU.release.xcconfig */;
			buildSettings = {
				ASSETCATALOG_COMPILER_APPICON_NAME = AppIcon;
				CODE_SIGN_STYLE = Automatic;
				DEVELOPMENT_TEAM = 6344MVRY42;
				INFOPLIST_FILE = "$(SRCROOT)/NCU/Supporting Files/Info.plist";
				LD_RUNPATH_SEARCH_PATHS = (
					"$(inherited)",
					"@executable_path/Frameworks",
				);
				PRODUCT_BUNDLE_IDENTIFIER = com.novoda.ncu;
				PRODUCT_NAME = "$(TARGET_NAME)";
				SWIFT_VERSION = 4.2;
				TARGETED_DEVICE_FAMILY = "1,2";
			};
			name = Release;
		};
		F42F3F082195D1E10034A1A8 /* Debug */ = {
			isa = XCBuildConfiguration;
			baseConfigurationReference = F07D529D6792B0866A6FFFC8 /* Pods-NCUTests.debug.xcconfig */;
			buildSettings = {
				ALWAYS_EMBED_SWIFT_STANDARD_LIBRARIES = YES;
				BUNDLE_LOADER = "$(TEST_HOST)";
				CODE_SIGN_STYLE = Automatic;
				DEVELOPMENT_TEAM = 87FJ4JFSM4;
				INFOPLIST_FILE = "NCU-iOSTests/Info.plist";
				LD_RUNPATH_SEARCH_PATHS = (
					"$(inherited)",
					"@executable_path/Frameworks",
					"@loader_path/Frameworks",
				);
				PRODUCT_BUNDLE_IDENTIFIER = "com.simonrowlands.NCU-iOSTests";
				PRODUCT_NAME = "$(TARGET_NAME)";
				SWIFT_VERSION = 4.2;
				TARGETED_DEVICE_FAMILY = "1,2";
				TEST_HOST = "$(BUILT_PRODUCTS_DIR)/NCU.app/NCU";
			};
			name = Debug;
		};
		F42F3F092195D1E10034A1A8 /* Release */ = {
			isa = XCBuildConfiguration;
			baseConfigurationReference = F29B02B6A075540FE6DA5745 /* Pods-NCUTests.release.xcconfig */;
			buildSettings = {
				ALWAYS_EMBED_SWIFT_STANDARD_LIBRARIES = YES;
				BUNDLE_LOADER = "$(TEST_HOST)";
				CODE_SIGN_STYLE = Automatic;
				DEVELOPMENT_TEAM = 87FJ4JFSM4;
				INFOPLIST_FILE = "NCU-iOSTests/Info.plist";
				LD_RUNPATH_SEARCH_PATHS = (
					"$(inherited)",
					"@executable_path/Frameworks",
					"@loader_path/Frameworks",
				);
				PRODUCT_BUNDLE_IDENTIFIER = "com.simonrowlands.NCU-iOSTests";
				PRODUCT_NAME = "$(TARGET_NAME)";
				SWIFT_VERSION = 4.2;
				TARGETED_DEVICE_FAMILY = "1,2";
				TEST_HOST = "$(BUILT_PRODUCTS_DIR)/NCU.app/NCU";
			};
			name = Release;
		};
		F42F3F0B2195D1E10034A1A8 /* Debug */ = {
			isa = XCBuildConfiguration;
			baseConfigurationReference = AB0E6F4403130594F52B6818 /* Pods-NCUUITests.debug.xcconfig */;
			buildSettings = {
				ALWAYS_EMBED_SWIFT_STANDARD_LIBRARIES = YES;
				CODE_SIGN_STYLE = Automatic;
				DEVELOPMENT_TEAM = 87FJ4JFSM4;
				INFOPLIST_FILE = "NCU-iOSUITests/Info.plist";
				LD_RUNPATH_SEARCH_PATHS = (
					"$(inherited)",
					"@executable_path/Frameworks",
					"@loader_path/Frameworks",
				);
				PRODUCT_BUNDLE_IDENTIFIER = "com.simonrowlands.NCU-iOSUITests";
				PRODUCT_NAME = "$(TARGET_NAME)";
				SWIFT_VERSION = 4.2;
				TARGETED_DEVICE_FAMILY = "1,2";
				TEST_TARGET_NAME = "NCU-iOS";
			};
			name = Debug;
		};
		F42F3F0C2195D1E10034A1A8 /* Release */ = {
			isa = XCBuildConfiguration;
			baseConfigurationReference = 29720B93C7AA7E25937B6C42 /* Pods-NCUUITests.release.xcconfig */;
			buildSettings = {
				ALWAYS_EMBED_SWIFT_STANDARD_LIBRARIES = YES;
				CODE_SIGN_STYLE = Automatic;
				DEVELOPMENT_TEAM = 87FJ4JFSM4;
				INFOPLIST_FILE = "NCU-iOSUITests/Info.plist";
				LD_RUNPATH_SEARCH_PATHS = (
					"$(inherited)",
					"@executable_path/Frameworks",
					"@loader_path/Frameworks",
				);
				PRODUCT_BUNDLE_IDENTIFIER = "com.simonrowlands.NCU-iOSUITests";
				PRODUCT_NAME = "$(TARGET_NAME)";
				SWIFT_VERSION = 4.2;
				TARGETED_DEVICE_FAMILY = "1,2";
				TEST_TARGET_NAME = "NCU-iOS";
			};
			name = Release;
		};
/* End XCBuildConfiguration section */

/* Begin XCConfigurationList section */
		F42F3ED72195D1DF0034A1A8 /* Build configuration list for PBXProject "NCU" */ = {
			isa = XCConfigurationList;
			buildConfigurations = (
				F42F3F022195D1E10034A1A8 /* Debug */,
				F42F3F032195D1E10034A1A8 /* Release */,
			);
			defaultConfigurationIsVisible = 0;
			defaultConfigurationName = Release;
		};
		F42F3F042195D1E10034A1A8 /* Build configuration list for PBXNativeTarget "NCU" */ = {
			isa = XCConfigurationList;
			buildConfigurations = (
				F42F3F052195D1E10034A1A8 /* Debug */,
				F42F3F062195D1E10034A1A8 /* Release */,
			);
			defaultConfigurationIsVisible = 0;
			defaultConfigurationName = Release;
		};
		F42F3F072195D1E10034A1A8 /* Build configuration list for PBXNativeTarget "NCUTests" */ = {
			isa = XCConfigurationList;
			buildConfigurations = (
				F42F3F082195D1E10034A1A8 /* Debug */,
				F42F3F092195D1E10034A1A8 /* Release */,
			);
			defaultConfigurationIsVisible = 0;
			defaultConfigurationName = Release;
		};
		F42F3F0A2195D1E10034A1A8 /* Build configuration list for PBXNativeTarget "NCUUITests" */ = {
			isa = XCConfigurationList;
			buildConfigurations = (
				F42F3F0B2195D1E10034A1A8 /* Debug */,
				F42F3F0C2195D1E10034A1A8 /* Release */,
			);
			defaultConfigurationIsVisible = 0;
			defaultConfigurationName = Release;
		};
/* End XCConfigurationList section */
	};
	rootObject = F42F3ED42195D1DF0034A1A8 /* Project object */;
}
